{
  "lockfileVersion": 1,
  "workspaces": {
    "": {
      "name": "xyen-pdf-service",
      "dependencies": {
        "hono": "^4.7.4",
        "pdf-lib": "^1.17.1",
        "pdfjs-dist": "^5.0.375",
      },
      "devDependencies": {
        "@types/bun": "latest",
      },
    },
  },
  "packages": {
    "@napi-rs/canvas": ["@napi-rs/canvas@0.1.68", "", { "optionalDependencies": { "@napi-rs/canvas-android-arm64": "0.1.68", "@napi-rs/canvas-darwin-arm64": "0.1.68", "@napi-rs/canvas-darwin-x64": "0.1.68", "@napi-rs/canvas-linux-arm-gnueabihf": "0.1.68", "@napi-rs/canvas-linux-arm64-gnu": "0.1.68", "@napi-rs/canvas-linux-arm64-musl": "0.1.68", "@napi-rs/canvas-linux-riscv64-gnu": "0.1.68", "@napi-rs/canvas-linux-x64-gnu": "0.1.68", "@napi-rs/canvas-linux-x64-musl": "0.1.68", "@napi-rs/canvas-win32-x64-msvc": "0.1.68" } }, "sha512-LQESrePLEBLvhuFkXx9jjBXRC2ClYsO5mqQ1m/puth5z9SOuM3N/B3vDuqnC3RJFktDktyK9khGvo7dTkqO9uQ=="],

    "@napi-rs/canvas-android-arm64": ["@napi-rs/canvas-android-arm64@0.1.68", "", { "os": "android", "cpu": "arm64" }, "sha512-h1KcSR4LKLfRfzeBH65xMxbWOGa1OtMFQbCMVlxPCkN1Zr+2gK+70pXO5ktojIYcUrP6KDcOwoc8clho5ccM/w=="],

    "@napi-rs/canvas-darwin-arm64": ["@napi-rs/canvas-darwin-arm64@0.1.68", "", { "os": "darwin", "cpu": "arm64" }, "sha512-/VURlrAD4gDoxW1GT/b0nP3fRz/fhxmHI/xznTq2FTwkQLPOlLkDLCvTmQ7v6LtGKdc2Ed6rvYpRan+JXThInQ=="],

    "@napi-rs/canvas-darwin-x64": ["@napi-rs/canvas-darwin-x64@0.1.68", "", { "os": "darwin", "cpu": "x64" }, "sha512-tEpvGR6vCLTo1Tx9wmDnoOKROpw57wiCWwCpDOuVlj/7rqEJOUYr9ixW4aRJgmeGBrZHgevI0EURys2ER6whmg=="],

    "@napi-rs/canvas-linux-arm-gnueabihf": ["@napi-rs/canvas-linux-arm-gnueabihf@0.1.68", "", { "os": "linux", "cpu": "arm" }, "sha512-U9xbJsumPOiAYeAFZMlHf62b9dGs2HJ6Q5xt7xTB0uEyPeurwhgYBWGgabdsEidyj38YuzI/c3LGBbSQB3vagw=="],

    "@napi-rs/canvas-linux-arm64-gnu": ["@napi-rs/canvas-linux-arm64-gnu@0.1.68", "", { "os": "linux", "cpu": "arm64" }, "sha512-KFkn8wEm3mPnWD4l8+OUUkxylSJuN5q9PnJRZJgv15RtCA1bgxIwTkBhI/+xuyVMcHqON9sXq7cDkEJtHm35dg=="],

    "@napi-rs/canvas-linux-arm64-musl": ["@napi-rs/canvas-linux-arm64-musl@0.1.68", "", { "os": "linux", "cpu": "arm64" }, "sha512-IQzts91rCdOALXBWQxLZRCEDrfFTGDtNRJMNu+2SKZ1uT8cmPQkPwVk5rycvFpvgAcmiFiOSCp1aRrlfU8KPpQ=="],

    "@napi-rs/canvas-linux-riscv64-gnu": ["@napi-rs/canvas-linux-riscv64-gnu@0.1.68", "", { "os": "linux", "cpu": "none" }, "sha512-e9AS5UttoIKqXSmBzKZdd3NErSVyOEYzJfNOCGtafGk1//gibTwQXGlSXmAKuErqMp09pyk9aqQRSYzm1AQfBw=="],

    "@napi-rs/canvas-linux-x64-gnu": ["@napi-rs/canvas-linux-x64-gnu@0.1.68", "", { "os": "linux", "cpu": "x64" }, "sha512-Pa/I36VE3j57I3Obhrr+J48KGFfkZk2cJN/2NmW/vCgmoF7kCP6aTVq5n+cGdGWLd/cN9CJ9JvNwEoMRDghu0g=="],

    "@napi-rs/canvas-linux-x64-musl": ["@napi-rs/canvas-linux-x64-musl@0.1.68", "", { "os": "linux", "cpu": "x64" }, "sha512-9c6rkc5195wNxuUHJdf4/mmnq433OQey9TNvQ9LspJazvHbfSkTij8wtKjASVQsJyPDva4fkWOeV/OQ7cLw0GQ=="],

    "@napi-rs/canvas-win32-x64-msvc": ["@napi-rs/canvas-win32-x64-msvc@0.1.68", "", { "os": "win32", "cpu": "x64" }, "sha512-Fc5Dez23u0FoSATurT6/w1oMytiRnKWEinHivdMvXpge6nG4YvhrASrtqMk8dGJMVQpHr8QJYF45rOrx2YU2Aw=="],

    "@pdf-lib/standard-fonts": ["@pdf-lib/standard-fonts@1.0.0", "", { "dependencies": { "pako": "^1.0.6" } }, "sha512-hU30BK9IUN/su0Mn9VdlVKsWBS6GyhVfqjwl1FjZN4TxP6cCw0jP2w7V3Hf5uX7M0AZJ16vey9yE0ny7Sa59ZA=="],

    "@pdf-lib/upng": ["@pdf-lib/upng@1.0.1", "", { "dependencies": { "pako": "^1.0.10" } }, "sha512-dQK2FUMQtowVP00mtIksrlZhdFXQZPC+taih1q4CvPZ5vqdxR/LKBaFg0oAfzd1GlHZXXSPdQfzQnt+ViGvEIQ=="],

    "@types/bun": ["@types/bun@1.2.5", "", { "dependencies": { "bun-types": "1.2.5" } }, "sha512-w2OZTzrZTVtbnJew1pdFmgV99H0/L+Pvw+z1P67HaR18MHOzYnTYOi6qzErhK8HyT+DB782ADVPPE92Xu2/Opg=="],

    "@types/node": ["@types/node@22.13.10", "", { "dependencies": { "undici-types": "~6.20.0" } }, "sha512-I6LPUvlRH+O6VRUqYOcMudhaIdUVWfsjnZavnsraHvpBwaEyMN29ry+0UVJhImYL16xsscu0aske3yA+uPOWfw=="],

    "@types/ws": ["@types/ws@8.5.14", "", { "dependencies": { "@types/node": "*" } }, "sha512-bd/YFLW+URhBzMXurx7lWByOu+xzU9+kb3RboOteXYDfW+tr+JZa99OyNmPINEGB/ahzKrEuc8rcv4gnpJmxTw=="],

    "bun-types": ["bun-types@1.2.5", "", { "dependencies": { "@types/node": "*", "@types/ws": "~8.5.10" } }, "sha512-3oO6LVGGRRKI4kHINx5PIdIgnLRb7l/SprhzqXapmoYkFl5m4j6EvALvbDVuuBFaamB46Ap6HCUxIXNLCGy+tg=="],

    "hono": ["hono@4.7.4", "", {}, "sha512-Pst8FuGqz3L7tFF+u9Pu70eI0xa5S3LPUmrNd5Jm8nTHze9FxLTK9Kaj5g/k4UcwuJSXTP65SyHOPLrffpcAJg=="],

    "pako": ["pako@1.0.11", "", {}, "sha512-4hLB8Py4zZce5s4yd9XzopqwVv/yGNhV1Bl8NTmCq1763HeK2+EwVTv+leGeL13Dnh2wfbqowVPXCIO0z4taYw=="],

    "pdf-lib": ["pdf-lib@1.17.1", "", { "dependencies": { "@pdf-lib/standard-fonts": "^1.0.0", "@pdf-lib/upng": "^1.0.1", "pako": "^1.0.11", "tslib": "^1.11.1" } }, "sha512-V/mpyJAoTsN4cnP31vc0wfNA1+p20evqqnap0KLoRUN0Yk/p3wN52DOEsL4oBFcLdb76hlpKPtzJIgo67j/XLw=="],

    "pdfjs-dist": ["pdfjs-dist@5.0.375", "", { "optionalDependencies": { "@napi-rs/canvas": "^0.1.67" } }, "sha512-QDRlEVldf/cX88CElGAyRhjqNOO69kmB3HZlalDAfqJ/IvmqJNkipomhBZy4cWATfLVlkQTXE3H4yFvMF2uPsg=="],

    "tslib": ["tslib@1.14.1", "", {}, "sha512-Xni35NKzjgMrwevysHTCArtLDpPvye8zV/0E4EyYn43P7/7qvQwPh9BGkHewbMulVntbigmcT7rdX3BNo9wRJg=="],

    "undici-types": ["undici-types@6.20.0", "", {}, "sha512-Ny6QZ2Nju20vw1SRHe3d9jVu6gJ+4e3+MMpqu7pqE5HT6WsTSlce++GQmK5UXS8mzV8DSYHrQH+Xrf2jVcuKNg=="],
  }
}
